
Microsoft Visual Studio Solution File, Format Version 12.00
# Visual Studio 15
VisualStudioVersion = 15.0.27703.2018
MinimumVisualStudioVersion = 10.0.40219.1
Project("{2150E333-8FDC-42A3-9474-1A3956D46DE8}") = "User", "User", "{DA642378-2D89-4FA1-89F1-44A75367DE21}"
EndProject
Project("{2150E333-8FDC-42A3-9474-1A3956D46DE8}") = "Order", "Order", "{1EA10487-498C-4F71-849E-735F5B0EC97C}"
EndProject
Project("{FAE04EC0-301F-11D3-BF4B-00C04F79EFBC}") = "HaoNiu.UserRpc.Domain", "User\HaoNiu.Rpc.User\HaoNiu.UserRpc.Domain.csproj", "{383E152E-E9EB-4FB3-80B4-96BEF251B9C9}"
EndProject
Project("{2150E333-8FDC-42A3-9474-1A3956D46DE8}") = "Product", "Product", "{7F3E75FF-C090-40F5-BE85-629388385F70}"
EndProject
Project("{FAE04EC0-301F-11D3-BF4B-00C04F79EFBC}") = "HaoNiu.UserRpc.Repositories", "User\HaoNiu.UserRpc.Repositories\HaoNiu.UserRpc.Repositories.csproj", "{7412B196-5F82-4991-BA45-BAFF006614F8}"
EndProject
Global
	GlobalSection(SolutionConfigurationPlatforms) = preSolution
		Debug|Any CPU = Debug|Any CPU
		Release|Any CPU = Release|Any CPU
	EndGlobalSection
	GlobalSection(ProjectConfigurationPlatforms) = postSolution
		{383E152E-E9EB-4FB3-80B4-96BEF251B9C9}.Debug|Any CPU.ActiveCfg = Debug|Any CPU
		{383E152E-E9EB-4FB3-80B4-96BEF251B9C9}.Debug|Any CPU.Build.0 = Debug|Any CPU
		{383E152E-E9EB-4FB3-80B4-96BEF251B9C9}.Release|Any CPU.ActiveCfg = Release|Any CPU
		{383E152E-E9EB-4FB3-80B4-96BEF251B9C9}.Release|Any CPU.Build.0 = Release|Any CPU
		{7412B196-5F82-4991-BA45-BAFF006614F8}.Debug|Any CPU.ActiveCfg = Debug|Any CPU
		{7412B196-5F82-4991-BA45-BAFF006614F8}.Debug|Any CPU.Build.0 = Debug|Any CPU
		{7412B196-5F82-4991-BA45-BAFF006614F8}.Release|Any CPU.ActiveCfg = Release|Any CPU
		{7412B196-5F82-4991-BA45-BAFF006614F8}.Release|Any CPU.Build.0 = Release|Any CPU
	EndGlobalSection
	GlobalSection(SolutionProperties) = preSolution
		HideSolutionNode = FALSE
	EndGlobalSection
	GlobalSection(NestedProjects) = preSolution
		{383E152E-E9EB-4FB3-80B4-96BEF251B9C9} = {DA642378-2D89-4FA1-89F1-44A75367DE21}
		{7412B196-5F82-4991-BA45-BAFF006614F8} = {DA642378-2D89-4FA1-89F1-44A75367DE21}
	EndGlobalSection
	GlobalSection(ExtensibilityGlobals) = postSolution
		SolutionGuid = {31446860-C1C4-478E-A389-77080E0A7D1F}
	EndGlobalSection
EndGlobal
